
Microsoft Visual Studio Solution File, Format Version 12.00
# Visual Studio 2013
VisualStudioVersion = 12.0.30501.0
MinimumVisualStudioVersion = 10.0.40219.1
Project("{FAE04EC0-301F-11D3-BF4B-00C04F79EFBC}") = "MyMail2", "MyMail2\MyMail2.csproj", "{0E03AA3C-8206-4222-8C64-3F5189E95D26}"
EndProject
Project("{FAE04EC0-301F-11D3-BF4B-00C04F79EFBC}") = "MyMail2.DataAccess", "Entities\MyMail2.DataAccess.csproj", "{28E2E271-6E43-4E7D-BB85-FA9D0FA1C7DE}"
EndProject
Project("{FAE04EC0-301F-11D3-BF4B-00C04F79EFBC}") = "MyMail2.Tests", "MyMail2.Tests\MyMail2.Tests.csproj", "{0F0EE64E-FFE3-4F1A-A747-E43BE79DC045}"
EndProject
Global
	GlobalSection(SolutionConfigurationPlatforms) = preSolution
		Debug|Any CPU = Debug|Any CPU
		Release|Any CPU = Release|Any CPU
	EndGlobalSection
	GlobalSection(ProjectConfigurationPlatforms) = postSolution
		{0E03AA3C-8206-4222-8C64-3F5189E95D26}.Debug|Any CPU.ActiveCfg = Debug|Any CPU
		{0E03AA3C-8206-4222-8C64-3F5189E95D26}.Debug|Any CPU.Build.0 = Debug|Any CPU
		{0E03AA3C-8206-4222-8C64-3F5189E95D26}.Release|Any CPU.ActiveCfg = Release|Any CPU
		{0E03AA3C-8206-4222-8C64-3F5189E95D26}.Release|Any CPU.Build.0 = Release|Any CPU
		{28E2E271-6E43-4E7D-BB85-FA9D0FA1C7DE}.Debug|Any CPU.ActiveCfg = Debug|Any CPU
		{28E2E271-6E43-4E7D-BB85-FA9D0FA1C7DE}.Debug|Any CPU.Build.0 = Debug|Any CPU
		{28E2E271-6E43-4E7D-BB85-FA9D0FA1C7DE}.Release|Any CPU.ActiveCfg = Release|Any CPU
		{28E2E271-6E43-4E7D-BB85-FA9D0FA1C7DE}.Release|Any CPU.Build.0 = Release|Any CPU
		{0F0EE64E-FFE3-4F1A-A747-E43BE79DC045}.Debug|Any CPU.ActiveCfg = Debug|Any CPU
		{0F0EE64E-FFE3-4F1A-A747-E43BE79DC045}.Debug|Any CPU.Build.0 = Debug|Any CPU
		{0F0EE64E-FFE3-4F1A-A747-E43BE79DC045}.Release|Any CPU.ActiveCfg = Release|Any CPU
		{0F0EE64E-FFE3-4F1A-A747-E43BE79DC045}.Release|Any CPU.Build.0 = Release|Any CPU
	EndGlobalSection
	GlobalSection(SolutionProperties) = preSolution
		HideSolutionNode = FALSE
	EndGlobalSection
EndGlobal
